
Microsoft Visual Studio Solution File, Format Version 12.00
# Visual Studio Version 17
VisualStudioVersion = 17.5.33424.131
MinimumVisualStudioVersion = 10.0.40219.1
Project("{FAE04EC0-301F-11D3-BF4B-00C04F79EFBC}") = "Abstraction_Gilang Ekayanda", "Abstraction_Gilang Ekayanda\Abstraction_Gilang Ekayanda.csproj", "{3E587950-6D59-48D7-9F94-8FC39D0A62A7}"
EndProject
Global
	GlobalSection(SolutionConfigurationPlatforms) = preSolution
		Debug|Any CPU = Debug|Any CPU
		Release|Any CPU = Release|Any CPU
	EndGlobalSection
	GlobalSection(ProjectConfigurationPlatforms) = postSolution
		{3E587950-6D59-48D7-9F94-8FC39D0A62A7}.Debug|Any CPU.ActiveCfg = Debug|Any CPU
		{3E587950-6D59-48D7-9F94-8FC39D0A62A7}.Debug|Any CPU.Build.0 = Debug|Any CPU
		{3E587950-6D59-48D7-9F94-8FC39D0A62A7}.Release|Any CPU.ActiveCfg = Release|Any CPU
		{3E587950-6D59-48D7-9F94-8FC39D0A62A7}.Release|Any CPU.Build.0 = Release|Any CPU
	EndGlobalSection
	GlobalSection(SolutionProperties) = preSolution
		HideSolutionNode = FALSE
	EndGlobalSection
	GlobalSection(ExtensibilityGlobals) = postSolution
		SolutionGuid = {94EFE019-419F-4108-96C5-D842193A2791}
	EndGlobalSection
EndGlobal
